
Microsoft Visual Studio Solution File, Format Version 12.00
# Visual Studio Version 17
VisualStudioVersion = 17.11.35303.130
MinimumVisualStudioVersion = 10.0.40219.1
Project("{FAE04EC0-301F-11D3-BF4B-00C04F79EFBC}") = "interest", "interest\interest.csproj", "{89E9147D-B673-4D10-BADC-94B9183A0928}"
EndProject
Global
	GlobalSection(SolutionConfigurationPlatforms) = preSolution
		Debug|Any CPU = Debug|Any CPU
		Release|Any CPU = Release|Any CPU
	EndGlobalSection
	GlobalSection(ProjectConfigurationPlatforms) = postSolution
		{89E9147D-B673-4D10-BADC-94B9183A0928}.Debug|Any CPU.ActiveCfg = Debug|Any CPU
		{89E9147D-B673-4D10-BADC-94B9183A0928}.Debug|Any CPU.Build.0 = Debug|Any CPU
		{89E9147D-B673-4D10-BADC-94B9183A0928}.Release|Any CPU.ActiveCfg = Release|Any CPU
		{89E9147D-B673-4D10-BADC-94B9183A0928}.Release|Any CPU.Build.0 = Release|Any CPU
	EndGlobalSection
	GlobalSection(SolutionProperties) = preSolution
		HideSolutionNode = FALSE
	EndGlobalSection
	GlobalSection(ExtensibilityGlobals) = postSolution
		SolutionGuid = {13CAE7BF-0818-4157-9F96-D5AFC8C4F8AE}
	EndGlobalSection
EndGlobal
